
Microsoft Visual Studio Solution File, Format Version 12.00
# Visual Studio Version 16
VisualStudioVersion = 16.0.29411.108
MinimumVisualStudioVersion = 10.0.40219.1
Project("{FAE04EC0-301F-11D3-BF4B-00C04F79EFBC}") = "SPOAppOnly", "SPOAppOnly\SPOAppOnly.csproj", "{59FAF4CE-5729-4EC9-AB66-67CD4CE25217}"
EndProject
Global
	GlobalSection(SolutionConfigurationPlatforms) = preSolution
		Debug|Any CPU = Debug|Any CPU
		Release|Any CPU = Release|Any CPU
	EndGlobalSection
	GlobalSection(ProjectConfigurationPlatforms) = postSolution
		{59FAF4CE-5729-4EC9-AB66-67CD4CE25217}.Debug|Any CPU.ActiveCfg = Debug|Any CPU
		{59FAF4CE-5729-4EC9-AB66-67CD4CE25217}.Debug|Any CPU.Build.0 = Debug|Any CPU
		{59FAF4CE-5729-4EC9-AB66-67CD4CE25217}.Release|Any CPU.ActiveCfg = Release|Any CPU
		{59FAF4CE-5729-4EC9-AB66-67CD4CE25217}.Release|Any CPU.Build.0 = Release|Any CPU
	EndGlobalSection
	GlobalSection(SolutionProperties) = preSolution
		HideSolutionNode = FALSE
	EndGlobalSection
	GlobalSection(ExtensibilityGlobals) = postSolution
		SolutionGuid = {405D3AB0-3D74-4087-AC2E-3CE97B017A62}
	EndGlobalSection
EndGlobal
